
Microsoft Visual Studio Solution File, Format Version 11.00
# Visual Studio 2010
Project("{FAE04EC0-301F-11D3-BF4B-00C04F79EFBC}") = "Assembly-CSharp", "Assembly-CSharp.csproj", "{2e85c958-2c82-636d-b86f-9ac66d59aa55}"
EndProject
Project("{FAE04EC0-301F-11D3-BF4B-00C04F79EFBC}") = "Assembly-CSharp-Editor-firstpass", "Assembly-CSharp-Editor-firstpass.csproj", "{38b4c87e-b2c6-a57a-7087-ede9fa6ee004}"
EndProject
Global
	GlobalSection(SolutionConfigurationPlatforms) = preSolution
		Debug|Any CPU = Debug|Any CPU
	EndGlobalSection
	GlobalSection(ProjectConfigurationPlatforms) = postSolution
		{2e85c958-2c82-636d-b86f-9ac66d59aa55}.Debug|Any CPU.ActiveCfg = Debug|Any CPU
		{2e85c958-2c82-636d-b86f-9ac66d59aa55}.Debug|Any CPU.Build.0 = Debug|Any CPU
		{38b4c87e-b2c6-a57a-7087-ede9fa6ee004}.Debug|Any CPU.ActiveCfg = Debug|Any CPU
		{38b4c87e-b2c6-a57a-7087-ede9fa6ee004}.Debug|Any CPU.Build.0 = Debug|Any CPU
	EndGlobalSection
	GlobalSection(SolutionProperties) = preSolution
		HideSolutionNode = FALSE
	EndGlobalSection
EndGlobal
